PODS:
  - Kingfisher (5.15.0):
    - Kingfisher/Core (= 5.15.0)
  - Kingfisher/Core (5.15.0)
  - shared (1.1)
  - SnapKit (5.0.1)

DEPENDENCIES:
  - Kingfisher
  - shared (from `../Envidual-Finance-Touchlab/shared`)
  - SnapKit

SPEC REPOS:
  trunk:
    - Kingfisher
    - SnapKit

EXTERNAL SOURCES:
  shared:
    :path: "../Envidual-Finance-Touchlab/shared"

SPEC CHECKSUMS:
  Kingfisher: 1acb67597a520c2d0310677e66d6e0af455ef757
  shared: eab97f234b6c99d9a9a0a79e76168a40e5cdafcd
  SnapKit: 97b92857e3df3a0c71833cce143274bf6ef8e5eb

PODFILE CHECKSUM: 06e9fda5c5b0b8307c604138a819877188a8cec9

COCOAPODS: 1.9.3
