PODS:
  - shared (1.1)

DEPENDENCIES:
  - shared (from `../../Envidual/Envidual-Finance-Touchlab/shared`)

EXTERNAL SOURCES:
  shared:
    :path: "../../Envidual/Envidual-Finance-Touchlab/shared"

SPEC CHECKSUMS:
  shared: eab97f234b6c99d9a9a0a79e76168a40e5cdafcd

PODFILE CHECKSUM: 390f2daec7e1c8fef75bd180ee6a12a7b7c59f24

COCOAPODS: 1.9.3
